
Microsoft Visual Studio Solution File, Format Version 12.00
# Visual Studio Version 16
VisualStudioVersion = 16.0.29613.14
MinimumVisualStudioVersion = 10.0.40219.1
Project("{9A19103F-16F7-4668-BE54-9A1E7A4F7556}") = "AdventureFlow", "OpenCSharpFlow\AdventureFlow.csproj", "{76A406B0-47F7-42C8-8F13-80EC09A9767A}"
EndProject
Global
	GlobalSection(SolutionConfigurationPlatforms) = preSolution
		Debug|Any CPU = Debug|Any CPU
		Release|Any CPU = Release|Any CPU
	EndGlobalSection
	GlobalSection(ProjectConfigurationPlatforms) = postSolution
		{76A406B0-47F7-42C8-8F13-80EC09A9767A}.Debug|Any CPU.ActiveCfg = Debug|Any CPU
		{76A406B0-47F7-42C8-8F13-80EC09A9767A}.Debug|Any CPU.Build.0 = Debug|Any CPU
		{76A406B0-47F7-42C8-8F13-80EC09A9767A}.Release|Any CPU.ActiveCfg = Release|Any CPU
		{76A406B0-47F7-42C8-8F13-80EC09A9767A}.Release|Any CPU.Build.0 = Release|Any CPU
	EndGlobalSection
	GlobalSection(SolutionProperties) = preSolution
		HideSolutionNode = FALSE
	EndGlobalSection
	GlobalSection(ExtensibilityGlobals) = postSolution
		SolutionGuid = {07C510E7-8EDA-47BB-A2FE-D4D8C53D42B1}
	EndGlobalSection
EndGlobal
